
Microsoft Visual Studio Solution File, Format Version 12.00
# Visual Studio Version 17
VisualStudioVersion = 17.1.32328.378
MinimumVisualStudioVersion = 10.0.40219.1
Project("{FAE04EC0-301F-11D3-BF4B-00C04F79EFBC}") = "OOP", "OOP.csproj", "{583EB062-A5A3-4F03-B7A3-F4B0B81221A3}"
EndProject
Global
	GlobalSection(SolutionConfigurationPlatforms) = preSolution
		Debug|Any CPU = Debug|Any CPU
		Release|Any CPU = Release|Any CPU
	EndGlobalSection
	GlobalSection(ProjectConfigurationPlatforms) = postSolution
		{583EB062-A5A3-4F03-B7A3-F4B0B81221A3}.Debug|Any CPU.ActiveCfg = Debug|Any CPU
		{583EB062-A5A3-4F03-B7A3-F4B0B81221A3}.Debug|Any CPU.Build.0 = Debug|Any CPU
		{583EB062-A5A3-4F03-B7A3-F4B0B81221A3}.Release|Any CPU.ActiveCfg = Release|Any CPU
		{583EB062-A5A3-4F03-B7A3-F4B0B81221A3}.Release|Any CPU.Build.0 = Release|Any CPU
	EndGlobalSection
	GlobalSection(SolutionProperties) = preSolution
		HideSolutionNode = FALSE
	EndGlobalSection
	GlobalSection(ExtensibilityGlobals) = postSolution
		SolutionGuid = {8C6A26C9-545D-4A25-BEF6-07937494A70C}
	EndGlobalSection
EndGlobal
